{
  "nodes": {
    "claude-code": {
      "inputs": {
        "flake-utils": "flake-utils",
        "nixpkgs": "nixpkgs"
      },
      "locked": {
        "lastModified": 1770362224,
        "narHash": "sha256-glZjGWSy+LpalbwlsQ3iWNpWU4TlEOandYWOpl8sMt8=",
        "owner": "sadjow",
        "repo": "claude-code-nix",
        "rev": "f4f8d6e7cc59e34e5a85550f017ead83ab925b22",
        "type": "github"
      },
      "original": {
        "owner": "sadjow",
        "repo": "claude-code-nix",
        "type": "github"
      }
    },
    "flake-parts": {
      "inputs": {
        "nixpkgs-lib": [
          "nixvim",
          "nixpkgs"
        ]
      },
      "locked": {
        "lastModified": 1769996383,
        "narHash": "sha256-AnYjnFWgS49RlqX7LrC4uA+sCCDBj0Ry/WOJ5XWAsa0=",
        "owner": "hercules-ci",
        "repo": "flake-parts",
        "rev": "57928607ea566b5db3ad13af0e57e921e6b12381",
        "type": "github"
      },
      "original": {
        "owner": "hercules-ci",
        "repo": "flake-parts",
        "type": "github"
      }
    },
    "flake-parts_2": {
      "inputs": {
        "nixpkgs-lib": [
          "nur",
          "nixpkgs"
        ]
      },
      "locked": {
        "lastModified": 1733312601,
        "narHash": "sha256-4pDvzqnegAfRkPwO3wmwBhVi/Sye1mzps0zHWYnP88c=",
        "owner": "hercules-ci",
        "repo": "flake-parts",
        "rev": "205b12d8b7cd4802fbcb8e8ef6a0f1408781a4f9",
        "type": "github"
      },
      "original": {
        "owner": "hercules-ci",
        "repo": "flake-parts",
        "type": "github"
      }
    },
    "flake-utils": {
      "inputs": {
        "systems": "systems"
      },
      "locked": {
        "lastModified": 1731533236,
        "narHash": "sha256-l0KFg5HjrsfsO/JpG+r7fRrqm12kzFHyUHqHCVpMMbI=",
        "owner": "numtide",
        "repo": "flake-utils",
        "rev": "11707dc2f618dd54ca8739b309ec4fc024de578b",
        "type": "github"
      },
      "original": {
        "owner": "numtide",
        "repo": "flake-utils",
        "type": "github"
      }
    },
    "home-manager": {
      "inputs": {
        "nixpkgs": "nixpkgs_2"
      },
      "locked": {
        "lastModified": 1770318660,
        "narHash": "sha256-yFVde8QZK7Dc0Xa8eQDsmxLX4NJNfL1NKfctSyiQgMY=",
        "owner": "nix-community",
        "repo": "home-manager",
        "rev": "471e6a065f9efed51488d7c51a9abbd387df91b8",
        "type": "github"
      },
      "original": {
        "owner": "nix-community",
        "repo": "home-manager",
        "type": "github"
      }
    },
    "niri": {
      "inputs": {
        "niri-stable": "niri-stable",
        "niri-unstable": "niri-unstable",
        "nixpkgs": "nixpkgs_3",
        "nixpkgs-stable": "nixpkgs-stable",
        "xwayland-satellite-stable": "xwayland-satellite-stable",
        "xwayland-satellite-unstable": "xwayland-satellite-unstable"
      },
      "locked": {
        "lastModified": 1770400632,
        "narHash": "sha256-TsOt49sYfzmxSTj2wKHKK2ZToCByLJLxPbwbu1brDt0=",
        "owner": "sodiboo",
        "repo": "niri-flake",
        "rev": "652dbeb0ac2c481dee5b57be972c6fd6feb38adc",
        "type": "github"
      },
      "original": {
        "owner": "sodiboo",
        "repo": "niri-flake",
        "type": "github"
      }
    },
    "niri-stable": {
      "flake": false,
      "locked": {
        "lastModified": 1756556321,
        "narHash": "sha256-RLD89dfjN0RVO86C/Mot0T7aduCygPGaYbog566F0Qo=",
        "owner": "YaLTeR",
        "repo": "niri",
        "rev": "01be0e65f4eb91a9cd624ac0b76aaeab765c7294",
        "type": "github"
      },
      "original": {
        "owner": "YaLTeR",
        "ref": "v25.08",
        "repo": "niri",
        "type": "github"
      }
    },
    "niri-unstable": {
      "flake": false,
      "locked": {
        "lastModified": 1770394936,
        "narHash": "sha256-Pa0fkyLYUR+pZh7phPENDUo4mJIweaAm0uV83iUUlX8=",
        "owner": "YaLTeR",
        "repo": "niri",
        "rev": "549148d27779d024255a84535b42b947f1c2a113",
        "type": "github"
      },
      "original": {
        "owner": "YaLTeR",
        "repo": "niri",
        "type": "github"
      }
    },
    "nixpkgs": {
      "locked": {
        "lastModified": 1770169770,
        "narHash": "sha256-awR8qIwJxJJiOmcEGgP2KUqYmHG4v/z8XpL9z8FnT1A=",
        "owner": "NixOS",
        "repo": "nixpkgs",
        "rev": "aa290c9891fa4ebe88f8889e59633d20cc06a5f2",
        "type": "github"
      },
      "original": {
        "owner": "NixOS",
        "ref": "nixpkgs-unstable",
        "repo": "nixpkgs",
        "type": "github"
      }
    },
    "nixpkgs-stable": {
      "locked": {
        "lastModified": 1770136044,
        "narHash": "sha256-tlFqNG/uzz2++aAmn4v8J0vAkV3z7XngeIIB3rM3650=",
        "owner": "NixOS",
        "repo": "nixpkgs",
        "rev": "e576e3c9cf9bad747afcddd9e34f51d18c855b4e",
        "type": "github"
      },
      "original": {
        "owner": "NixOS",
        "ref": "nixos-25.11",
        "repo": "nixpkgs",
        "type": "github"
      }
    },
    "nixpkgs_2": {
      "locked": {
        "lastModified": 1770115704,
        "narHash": "sha256-KHFT9UWOF2yRPlAnSXQJh6uVcgNcWlFqqiAZ7OVlHNc=",
        "owner": "NixOS",
        "repo": "nixpkgs",
        "rev": "e6eae2ee2110f3d31110d5c222cd395303343b08",
        "type": "github"
      },
      "original": {
        "owner": "NixOS",
        "ref": "nixos-unstable",
        "repo": "nixpkgs",
        "type": "github"
      }
    },
    "nixpkgs_3": {
      "locked": {
        "lastModified": 1770197578,
        "narHash": "sha256-AYqlWrX09+HvGs8zM6ebZ1pwUqjkfpnv8mewYwAo+iM=",
        "owner": "NixOS",
        "repo": "nixpkgs",
        "rev": "00c21e4c93d963c50d4c0c89bfa84ed6e0694df2",
        "type": "github"
      },
      "original": {
        "owner": "NixOS",
        "ref": "nixos-unstable",
        "repo": "nixpkgs",
        "type": "github"
      }
    },
    "nixpkgs_4": {
      "locked": {
        "lastModified": 1770197578,
        "narHash": "sha256-AYqlWrX09+HvGs8zM6ebZ1pwUqjkfpnv8mewYwAo+iM=",
        "owner": "nixos",
        "repo": "nixpkgs",
        "rev": "00c21e4c93d963c50d4c0c89bfa84ed6e0694df2",
        "type": "github"
      },
      "original": {
        "owner": "nixos",
        "ref": "nixos-unstable",
        "repo": "nixpkgs",
        "type": "github"
      }
    },
    "nixpkgs_5": {
      "locked": {
        "lastModified": 1770169770,
        "narHash": "sha256-awR8qIwJxJJiOmcEGgP2KUqYmHG4v/z8XpL9z8FnT1A=",
        "owner": "NixOS",
        "repo": "nixpkgs",
        "rev": "aa290c9891fa4ebe88f8889e59633d20cc06a5f2",
        "type": "github"
      },
      "original": {
        "owner": "NixOS",
        "ref": "nixpkgs-unstable",
        "repo": "nixpkgs",
        "type": "github"
      }
    },
    "nixpkgs_6": {
      "locked": {
        "lastModified": 1770197578,
        "narHash": "sha256-AYqlWrX09+HvGs8zM6ebZ1pwUqjkfpnv8mewYwAo+iM=",
        "owner": "nixos",
        "repo": "nixpkgs",
        "rev": "00c21e4c93d963c50d4c0c89bfa84ed6e0694df2",
        "type": "github"
      },
      "original": {
        "owner": "nixos",
        "ref": "nixos-unstable",
        "repo": "nixpkgs",
        "type": "github"
      }
    },
    "nixvim": {
      "inputs": {
        "flake-parts": "flake-parts",
        "nixpkgs": "nixpkgs_5",
        "systems": "systems_2"
      },
      "locked": {
        "lastModified": 1770388595,
        "narHash": "sha256-0NvpmDqFcJAtRFJE3RDZWnN7PDJBZutoDtN+Cl8a3DY=",
        "owner": "nix-community",
        "repo": "nixvim",
        "rev": "51abc532525e486176f9a7b24b17908c60017b54",
        "type": "github"
      },
      "original": {
        "owner": "nix-community",
        "repo": "nixvim",
        "type": "github"
      }
    },
    "noctalia-shell": {
      "inputs": {
        "nixpkgs": [
          "nixpkgs"
        ]
      },
      "locked": {
        "lastModified": 1770412437,
        "narHash": "sha256-9ucnEc1GYaaFgfwNoXfUoj0EG3NZB6IIs1JBN8A40Nk=",
        "owner": "noctalia-dev",
        "repo": "noctalia-shell",
        "rev": "72168bb47af6e6c3367b912f29e14c01f92473dd",
        "type": "github"
      },
      "original": {
        "owner": "noctalia-dev",
        "repo": "noctalia-shell",
        "type": "github"
      }
    },
    "nur": {
      "inputs": {
        "flake-parts": "flake-parts_2",
        "nixpkgs": "nixpkgs_6"
      },
      "locked": {
        "lastModified": 1770401075,
        "narHash": "sha256-bN93PTqvEHdR2T2LzOwsBEgrODeHUxg0yrXG88O4Whs=",
        "owner": "nix-community",
        "repo": "NUR",
        "rev": "09d68776e3df86f8f5f41bc6940e2001cbbcd6a4",
        "type": "github"
      },
      "original": {
        "owner": "nix-community",
        "repo": "NUR",
        "type": "github"
      }
    },
    "root": {
      "inputs": {
        "claude-code": "claude-code",
        "home-manager": "home-manager",
        "niri": "niri",
        "nixpkgs": "nixpkgs_4",
        "nixvim": "nixvim",
        "noctalia-shell": "noctalia-shell",
        "nur": "nur"
      }
    },
    "systems": {
      "locked": {
        "lastModified": 1681028828,
        "narHash": "sha256-Vy1rq5AaRuLzOxct8nz4T6wlgyUR7zLU309k9mBC768=",
        "owner": "nix-systems",
        "repo": "default",
        "rev": "da67096a3b9bf56a91d16901293e51ba5b49a27e",
        "type": "github"
      },
      "original": {
        "owner": "nix-systems",
        "repo": "default",
        "type": "github"
      }
    },
    "systems_2": {
      "locked": {
        "lastModified": 1681028828,
        "narHash": "sha256-Vy1rq5AaRuLzOxct8nz4T6wlgyUR7zLU309k9mBC768=",
        "owner": "nix-systems",
        "repo": "default",
        "rev": "da67096a3b9bf56a91d16901293e51ba5b49a27e",
        "type": "github"
      },
      "original": {
        "owner": "nix-systems",
        "repo": "default",
        "type": "github"
      }
    },
    "xwayland-satellite-stable": {
      "flake": false,
      "locked": {
        "lastModified": 1755491097,
        "narHash": "sha256-m+9tUfsmBeF2Gn4HWa6vSITZ4Gz1eA1F5Kh62B0N4oE=",
        "owner": "Supreeeme",
        "repo": "xwayland-satellite",
        "rev": "388d291e82ffbc73be18169d39470f340707edaa",
        "type": "github"
      },
      "original": {
        "owner": "Supreeeme",
        "ref": "v0.7",
        "repo": "xwayland-satellite",
        "type": "github"
      }
    },
    "xwayland-satellite-unstable": {
      "flake": false,
      "locked": {
        "lastModified": 1770167989,
        "narHash": "sha256-rE2WTxKHe3KMG/Zr5YUNeKHkZfWwSFl7yJXrOKnunHg=",
        "owner": "Supreeeme",
        "repo": "xwayland-satellite",
        "rev": "0947c4685f6237d4f8045482ce0c62feab40b6c4",
        "type": "github"
      },
      "original": {
        "owner": "Supreeeme",
        "repo": "xwayland-satellite",
        "type": "github"
      }
    }
  },
  "root": "root",
  "version": 7
}
